schema: '2.0'
stages:
  load_data:
    cmd: python src/load_data.py
    deps:
    - path: src/load_data.py
      md5: db94f13dab25164fb992831442e357e7
      size: 228
    outs:
    - path: output/data.pkl
      md5: 35353c71da0985eed8bb507bbc53bd91
      size: 54950285
  train:
    cmd: python src/train.py
    deps:
    - path: output/data.pkl
      md5: 35353c71da0985eed8bb507bbc53bd91
      size: 54950285
    - path: src/train.py
      md5: 1bf63e1f6131a5c0415ad2060c05e9e8
      size: 2324
    params:
      params.yaml:
        train.batch_size: 128
        train.dropout: 0.45
        train.hidden_units: 64
        train.lr: 0.001
        train.num_epochs: 10
    outs:
    - path: output/model.h5
      md5: 74b0d0e3597e3e92edabd2a51bf0a828
      size: 3680480
    - path: output/train_logs.csv
      md5: f1db0ba4bbdab234c6635b79fbd31599
      size: 424
  evaluate:
    cmd: python src/evaluate.py
    deps:
    - path: output/data.pkl
      md5: 35353c71da0985eed8bb507bbc53bd91
      size: 54950285
    - path: output/model.h5
      md5: 74b0d0e3597e3e92edabd2a51bf0a828
      size: 3680480
    - path: src/evaluate.py
      md5: 56af2219bbc7599971432616d8afdf13
      size: 1161
    outs:
    - path: output/metrics.json
      md5: cf87954e4ff83687cfc44c63c606d33e
      size: 61
    - path: output/predictions.json
      md5: a0e8e7c10e83ba3e3035c09d1cde71fc
      size: 310000
