schema: '2.0'
stages:
  load_data:
    cmd: python src/load_data.py
    deps:
    - path: src/load_data.py
      md5: db94f13dab25164fb992831442e357e7
      size: 228
    outs:
    - path: output/data.pkl
      md5: 35353c71da0985eed8bb507bbc53bd91
      size: 54950285
  train:
    cmd: python src/train.py
    deps:
    - path: output/data.pkl
      md5: 35353c71da0985eed8bb507bbc53bd91
      size: 54950285
    - path: src/train.py
      md5: 1bf63e1f6131a5c0415ad2060c05e9e8
      size: 2324
    params:
      params.yaml:
        train.batch_size: 128
        train.dropout: 0.4
        train.hidden_units: 64
        train.lr: 0.001
        train.num_epochs: 10
    outs:
    - path: output/model.h5
      md5: 1564f609e4351ba8c262bb9ed282524a
      size: 3680480
    - path: output/train_logs.csv
      md5: 7b2ded0a180a7d9c04196c6e2917603e
      size: 422
  evaluate:
    cmd: python src/evaluate.py
    deps:
    - path: output/data.pkl
      md5: 35353c71da0985eed8bb507bbc53bd91
      size: 54950285
    - path: output/model.h5
      md5: 1564f609e4351ba8c262bb9ed282524a
      size: 3680480
    - path: src/evaluate.py
      md5: 56af2219bbc7599971432616d8afdf13
      size: 1161
    outs:
    - path: output/metrics.json
      md5: 13a9a722c70b69ba38dcb5785bfd556a
      size: 60
    - path: output/predictions.json
      md5: 0a1ad6f504672532b886094fb8a965d3
      size: 310000
